// !$*UTF8*$!
{
	archiveVersion = 1;
	classes = {
	};
	objectVersion = 50;
	objects = {

/* Begin PBXBuildFile section */
		42AE0D4721D19BEB007D65D1 /* AppDelegate.swift in Sources */ = {isa = PBXBuildFile; fileRef = 42AE0D4621D19BEB007D65D1 /* AppDelegate.swift */; };
		42AE0D4921D19BEB007D65D1 /* ViewController.swift in Sources */ = {isa = PBXBuildFile; fileRef = 42AE0D4821D19BEB007D65D1 /* ViewController.swift */; };
		42AE0D4C21D19BEB007D65D1 /* Main.storyboard in Resources */ = {isa = PBXBuildFile; fileRef = 42AE0D4A21D19BEB007D65D1 /* Main.storyboard */; };
		42AE0D4E21D19BF0007D65D1 /* Assets.xcassets in Resources */ = {isa = PBXBuildFile; fileRef = 42AE0D4D21D19BF0007D65D1 /* Assets.xcassets */; };
		42AE0D5121D19BF0007D65D1 /* LaunchScreen.storyboard in Resources */ = {isa = PBXBuildFile; fileRef = 42AE0D4F21D19BF0007D65D1 /* LaunchScreen.storyboard */; };
		42AE0D5A21D1A2DB007D65D1 /* BorderButton.swift in Sources */ = {isa = PBXBuildFile; fileRef = 42AE0D5921D1A2DB007D65D1 /* BorderButton.swift */; };
/* End PBXBuildFile section */

/* Begin PBXFileReference section */
		42AE0D4321D19BEB007D65D1 /* Hoopers.app */ = {isa = PBXFileReference; explicitFileType = wrapper.application; includeInIndex = 0; path = Hoopers.app; sourceTree = BUILT_PRODUCTS_DIR; };
		42AE0D4621D19BEB007D65D1 /* AppDelegate.swift */ = {isa = PBXFileReference; lastKnownFileType = sourcecode.swift; path = AppDelegate.swift; sourceTree = "<group>"; };
		42AE0D4821D19BEB007D65D1 /* ViewController.swift */ = {isa = PBXFileReference; lastKnownFileType = sourcecode.swift; path = ViewController.swift; sourceTree = "<group>"; };
		42AE0D4B21D19BEB007D65D1 /* Base */ = {isa = PBXFileReference; lastKnownFileType = file.storyboard; name = Base; path = Base.lproj/Main.storyboard; sourceTree = "<group>"; };
		42AE0D4D21D19BF0007D65D1 /* Assets.xcassets */ = {isa = PBXFileReference; lastKnownFileType = folder.assetcatalog; path = Assets.xcassets; sourceTree = "<group>"; };
		42AE0D5021D19BF0007D65D1 /* Base */ = {isa = PBXFileReference; lastKnownFileType = file.storyboard; name = Base; path = Base.lproj/LaunchScreen.storyboard; sourceTree = "<group>"; };
		42AE0D5221D19BF0007D65D1 /* Info.plist */ = {isa = PBXFileReference; lastKnownFileType = text.plist.xml; path = Info.plist; sourceTree = "<group>"; };
		42AE0D5921D1A2DB007D65D1 /* BorderButton.swift */ = {isa = PBXFileReference; lastKnownFileType = sourcecode.swift; path = BorderButton.swift; sourceTree = "<group>"; };
/* End PBXFileReference section */

/* Begin PBXFrameworksBuildPhase section */
		42AE0D4021D19BEB007D65D1 /* Frameworks */ = {
			isa = PBXFrameworksBuildPhase;
			buildActionMask = 2147483647;
			files = (
			);
			runOnlyForDeploymentPostprocessing = 0;
		};
/* End PBXFrameworksBuildPhase section */

/* Begin PBXGroup section */
		42AE0D3A21D19BEB007D65D1 = {
			isa = PBXGroup;
			children = (
				42AE0D4521D19BEB007D65D1 /* Hoopers */,
				42AE0D4421D19BEB007D65D1 /* Products */,
			);
			sourceTree = "<group>";
		};
		42AE0D4421D19BEB007D65D1 /* Products */ = {
			isa = PBXGroup;
			children = (
				42AE0D4321D19BEB007D65D1 /* Hoopers.app */,
			);
			name = Products;
			sourceTree = "<group>";
		};
		42AE0D4521D19BEB007D65D1 /* Hoopers */ = {
			isa = PBXGroup;
			children = (
				42AE0D5C21D1A3FF007D65D1 /* Model */,
				42AE0D5B21D1A3F8007D65D1 /* Controller */,
				42AE0D5821D1A2AE007D65D1 /* Views */,
				42AE0D4621D19BEB007D65D1 /* AppDelegate.swift */,
				42AE0D4A21D19BEB007D65D1 /* Main.storyboard */,
				42AE0D4D21D19BF0007D65D1 /* Assets.xcassets */,
				42AE0D4F21D19BF0007D65D1 /* LaunchScreen.storyboard */,
				42AE0D5221D19BF0007D65D1 /* Info.plist */,
			);
			path = Hoopers;
			sourceTree = "<group>";
		};
		42AE0D5821D1A2AE007D65D1 /* Views */ = {
			isa = PBXGroup;
			children = (
				42AE0D5921D1A2DB007D65D1 /* BorderButton.swift */,
			);
			path = Views;
			sourceTree = "<group>";
		};
		42AE0D5B21D1A3F8007D65D1 /* Controller */ = {
			isa = PBXGroup;
			children = (
				42AE0D4821D19BEB007D65D1 /* ViewController.swift */,
			);
			path = Controller;
			sourceTree = "<group>";
		};
		42AE0D5C21D1A3FF007D65D1 /* Model */ = {
			isa = PBXGroup;
			children = (
			);
			path = Model;
			sourceTree = "<group>";
		};
/* End PBXGroup section */

/* Begin PBXNativeTarget section */
		42AE0D4221D19BEB007D65D1 /* Hoopers */ = {
			isa = PBXNativeTarget;
			buildConfigurationList = 42AE0D5521D19BF0007D65D1 /* Build configuration list for PBXNativeTarget "Hoopers" */;
			buildPhases = (
				42AE0D3F21D19BEB007D65D1 /* Sources */,
				42AE0D4021D19BEB007D65D1 /* Frameworks */,
				42AE0D4121D19BEB007D65D1 /* Resources */,
			);
			buildRules = (
			);
			dependencies = (
			);
			name = Hoopers;
			productName = Hoopers;
			productReference = 42AE0D4321D19BEB007D65D1 /* Hoopers.app */;
			productType = "com.apple.product-type.application";
		};
/* End PBXNativeTarget section */

/* Begin PBXProject section */
		42AE0D3B21D19BEB007D65D1 /* Project object */ = {
			isa = PBXProject;
			attributes = {
				LastSwiftUpdateCheck = 1010;
				LastUpgradeCheck = 1010;
				ORGANIZATIONNAME = joshuamadrigal;
				TargetAttributes = {
					42AE0D4221D19BEB007D65D1 = {
						CreatedOnToolsVersion = 10.1;
					};
				};
			};
			buildConfigurationList = 42AE0D3E21D19BEB007D65D1 /* Build configuration list for PBXProject "Hoopers" */;
			compatibilityVersion = "Xcode 9.3";
			developmentRegion = en;
			hasScannedForEncodings = 0;
			knownRegions = (
				en,
				Base,
			);
			mainGroup = 42AE0D3A21D19BEB007D65D1;
			productRefGroup = 42AE0D4421D19BEB007D65D1 /* Products */;
			projectDirPath = "";
			projectRoot = "";
			targets = (
				42AE0D4221D19BEB007D65D1 /* Hoopers */,
			);
		};
/* End PBXProject section */

/* Begin PBXResourcesBuildPhase section */
		42AE0D4121D19BEB007D65D1 /* Resources */ = {
			isa = PBXResourcesBuildPhase;
			buildActionMask = 2147483647;
			files = (
				42AE0D5121D19BF0007D65D1 /* LaunchScreen.storyboard in Resources */,
				42AE0D4E21D19BF0007D65D1 /* Assets.xcassets in Resources */,
				42AE0D4C21D19BEB007D65D1 /* Main.storyboard in Resources */,
			);
			runOnlyForDeploymentPostprocessing = 0;
		};
/* End PBXResourcesBuildPhase section */

/* Begin PBXSourcesBuildPhase section */
		42AE0D3F21D19BEB007D65D1 /* Sources */ = {
			isa = PBXSourcesBuildPhase;
			buildActionMask = 2147483647;
			files = (
				42AE0D4921D19BEB007D65D1 /* ViewController.swift in Sources */,
				42AE0D4721D19BEB007D65D1 /* AppDelegate.swift in Sources */,
				42AE0D5A21D1A2DB007D65D1 /* BorderButton.swift in Sources */,
			);
			runOnlyForDeploymentPostprocessing = 0;
		};
/* End PBXSourcesBuildPhase section */

/* Begin PBXVariantGroup section */
		42AE0D4A21D19BEB007D65D1 /* Main.storyboard */ = {
			isa = PBXVariantGroup;
			children = (
				42AE0D4B21D19BEB007D65D1 /* Base */,
			);
			name = Main.storyboard;
			sourceTree = "<group>";
		};
		42AE0D4F21D19BF0007D65D1 /* LaunchScreen.storyboard */ = {
			isa = PBXVariantGroup;
			children = (
				42AE0D5021D19BF0007D65D1 /* Base */,
			);
			name = LaunchScreen.storyboard;
			sourceTree = "<group>";
		};
/* End PBXVariantGroup section */

/* Begin XCBuildConfiguration section */
		42AE0D5321D19BF0007D65D1 /* Debug */ = {
			isa = XCBuildConfiguration;
			buildSettings = {
				ALWAYS_SEARCH_USER_PATHS = NO;
				CLANG_ANALYZER_NONNULL = YES;
				CLANG_ANALYZER_NUMBER_OBJECT_CONVERSION = YES_AGGRESSIVE;
				CLANG_CXX_LANGUAGE_STANDARD = "gnu++14";
				CLANG_CXX_LIBRARY = "libc++";
				CLANG_ENABLE_MODULES = YES;
				CLANG_ENABLE_OBJC_ARC = YES;
				CLANG_ENABLE_OBJC_WEAK = YES;
				CLANG_WARN_BLOCK_CAPTURE_AUTORELEASING = YES;
				CLANG_WARN_BOOL_CONVERSION = YES;
				CLANG_WARN_COMMA = YES;
				CLANG_WARN_CONSTANT_CONVERSION = YES;
				CLANG_WARN_DEPRECATED_OBJC_IMPLEMENTATIONS = YES;
				CLANG_WARN_DIRECT_OBJC_ISA_USAGE = YES_ERROR;
				CLANG_WARN_DOCUMENTATION_COMMENTS = YES;
				CLANG_WARN_EMPTY_BODY = YES;
				CLANG_WARN_ENUM_CONVERSION = YES;
				CLANG_WARN_INFINITE_RECURSION = YES;
				CLANG_WARN_INT_CONVERSION = YES;
				CLANG_WARN_NON_LITERAL_NULL_CONVERSION = YES;
				CLANG_WARN_OBJC_IMPLICIT_RETAIN_SELF = YES;
				CLANG_WARN_OBJC_LITERAL_CONVERSION = YES;
				CLANG_WARN_OBJC_ROOT_CLASS = YES_ERROR;
				CLANG_WARN_RANGE_LOOP_ANALYSIS = YES;
				CLANG_WARN_STRICT_PROTOTYPES = YES;
				CLANG_WARN_SUSPICIOUS_MOVE = YES;
				CLANG_WARN_UNGUARDED_AVAILABILITY = YES_AGGRESSIVE;
				CLANG_WARN_UNREACHABLE_CODE = YES;
				CLANG_WARN__DUPLICATE_METHOD_MATCH = YES;
				CODE_SIGN_IDENTITY = "iPhone Developer";
				COPY_PHASE_STRIP = NO;
				DEBUG_INFORMATION_FORMAT = dwarf;
				ENABLE_STRICT_OBJC_MSGSEND = YES;
				ENABLE_TESTABILITY = YES;
				GCC_C_LANGUAGE_STANDARD = gnu11;
				GCC_DYNAMIC_NO_PIC = NO;
				GCC_NO_COMMON_BLOCKS = YES;
				GCC_OPTIMIZATION_LEVEL = 0;
				GCC_PREPROCESSOR_DEFINITIONS = (
					"DEBUG=1",
					"$(inherited)",
				);
				GCC_WARN_64_TO_32_BIT_CONVERSION = YES;
				GCC_WARN_ABOUT_RETURN_TYPE = YES_ERROR;
				GCC_WARN_UNDECLARED_SELECTOR = YES;
				GCC_WARN_UNINITIALIZED_AUTOS = YES_AGGRESSIVE;
				GCC_WARN_UNUSED_FUNCTION = YES;
				GCC_WARN_UNUSED_VARIABLE = YES;
				IPHONEOS_DEPLOYMENT_TARGET = 12.1;
				MTL_ENABLE_DEBUG_INFO = INCLUDE_SOURCE;
				MTL_FAST_MATH = YES;
				ONLY_ACTIVE_ARCH = YES;
				SDKROOT = iphoneos;
				SWIFT_ACTIVE_COMPILATION_CONDITIONS = DEBUG;
				SWIFT_OPTIMIZATION_LEVEL = "-Onone";
			};
			name = Debug;
		};
		42AE0D5421D19BF0007D65D1 /* Release */ = {
			isa = XCBuildConfiguration;
			buildSettings = {
				ALWAYS_SEARCH_USER_PATHS = NO;
				CLANG_ANALYZER_NONNULL = YES;
				CLANG_ANALYZER_NUMBER_OBJECT_CONVERSION = YES_AGGRESSIVE;
				CLANG_CXX_LANGUAGE_STANDARD = "gnu++14";
				CLANG_CXX_LIBRARY = "libc++";
				CLANG_ENABLE_MODULES = YES;
				CLANG_ENABLE_OBJC_ARC = YES;
				CLANG_ENABLE_OBJC_WEAK = YES;
				CLANG_WARN_BLOCK_CAPTURE_AUTORELEASING = YES;
				CLANG_WARN_BOOL_CONVERSION = YES;
				CLANG_WARN_COMMA = YES;
				CLANG_WARN_CONSTANT_CONVERSION = YES;
				CLANG_WARN_DEPRECATED_OBJC_IMPLEMENTATIONS = YES;
				CLANG_WARN_DIRECT_OBJC_ISA_USAGE = YES_ERROR;
				CLANG_WARN_DOCUMENTATION_COMMENTS = YES;
				CLANG_WARN_EMPTY_BODY = YES;
				CLANG_WARN_ENUM_CONVERSION = YES;
				CLANG_WARN_INFINITE_RECURSION = YES;
				CLANG_WARN_INT_CONVERSION = YES;
				CLANG_WARN_NON_LITERAL_NULL_CONVERSION = YES;
				CLANG_WARN_OBJC_IMPLICIT_RETAIN_SELF = YES;
				CLANG_WARN_OBJC_LITERAL_CONVERSION = YES;
				CLANG_WARN_OBJC_ROOT_CLASS = YES_ERROR;
				CLANG_WARN_RANGE_LOOP_ANALYSIS = YES;
				CLANG_WARN_STRICT_PROTOTYPES = YES;
				CLANG_WARN_SUSPICIOUS_MOVE = YES;
				CLANG_WARN_UNGUARDED_AVAILABILITY = YES_AGGRESSIVE;
				CLANG_WARN_UNREACHABLE_CODE = YES;
				CLANG_WARN__DUPLICATE_METHOD_MATCH = YES;
				CODE_SIGN_IDENTITY = "iPhone Developer";
				COPY_PHASE_STRIP = NO;
				DEBUG_INFORMATION_FORMAT = "dwarf-with-dsym";
				ENABLE_NS_ASSERTIONS = NO;
				ENABLE_STRICT_OBJC_MSGSEND = YES;
				GCC_C_LANGUAGE_STANDARD = gnu11;
				GCC_NO_COMMON_BLOCKS = YES;
				GCC_WARN_64_TO_32_BIT_CONVERSION = YES;
				GCC_WARN_ABOUT_RETURN_TYPE = YES_ERROR;
				GCC_WARN_UNDECLARED_SELECTOR = YES;
				GCC_WARN_UNINITIALIZED_AUTOS = YES_AGGRESSIVE;
				GCC_WARN_UNUSED_FUNCTION = YES;
				GCC_WARN_UNUSED_VARIABLE = YES;
				IPHONEOS_DEPLOYMENT_TARGET = 12.1;
				MTL_ENABLE_DEBUG_INFO = NO;
				MTL_FAST_MATH = YES;
				SDKROOT = iphoneos;
				SWIFT_COMPILATION_MODE = wholemodule;
				SWIFT_OPTIMIZATION_LEVEL = "-O";
				VALIDATE_PRODUCT = YES;
			};
			name = Release;
		};
		42AE0D5621D19BF0007D65D1 /* Debug */ = {
			isa = XCBuildConfiguration;
			buildSettings = {
				ASSETCATALOG_COMPILER_APPICON_NAME = AppIcon;
				CODE_SIGN_STYLE = Automatic;
				DEVELOPMENT_TEAM = 84B657U6QB;
				INFOPLIST_FILE = Hoopers/Info.plist;
				LD_RUNPATH_SEARCH_PATHS = (
					"$(inherited)",
					"@executable_path/Frameworks",
				);
				PRODUCT_BUNDLE_IDENTIFIER = madmonte.Hoopers;
				PRODUCT_NAME = "$(TARGET_NAME)";
				SWIFT_VERSION = 4.2;
				TARGETED_DEVICE_FAMILY = "1,2";
			};
			name = Debug;
		};
		42AE0D5721D19BF0007D65D1 /* Release */ = {
			isa = XCBuildConfiguration;
			buildSettings = {
				ASSETCATALOG_COMPILER_APPICON_NAME = AppIcon;
				CODE_SIGN_STYLE = Automatic;
				DEVELOPMENT_TEAM = 84B657U6QB;
				INFOPLIST_FILE = Hoopers/Info.plist;
				LD_RUNPATH_SEARCH_PATHS = (
					"$(inherited)",
					"@executable_path/Frameworks",
				);
				PRODUCT_BUNDLE_IDENTIFIER = madmonte.Hoopers;
				PRODUCT_NAME = "$(TARGET_NAME)";
				SWIFT_VERSION = 4.2;
				TARGETED_DEVICE_FAMILY = "1,2";
			};
			name = Release;
		};
/* End XCBuildConfiguration section */

/* Begin XCConfigurationList section */
		42AE0D3E21D19BEB007D65D1 /* Build configuration list for PBXProject "Hoopers" */ = {
			isa = XCConfigurationList;
			buildConfigurations = (
				42AE0D5321D19BF0007D65D1 /* Debug */,
				42AE0D5421D19BF0007D65D1 /* Release */,
			);
			defaultConfigurationIsVisible = 0;
			defaultConfigurationName = Release;
		};
		42AE0D5521D19BF0007D65D1 /* Build configuration list for PBXNativeTarget "Hoopers" */ = {
			isa = XCConfigurationList;
			buildConfigurations = (
				42AE0D5621D19BF0007D65D1 /* Debug */,
				42AE0D5721D19BF0007D65D1 /* Release */,
			);
			defaultConfigurationIsVisible = 0;
			defaultConfigurationName = Release;
		};
/* End XCConfigurationList section */
	};
	rootObject = 42AE0D3B21D19BEB007D65D1 /* Project object */;
}
